// !$*UTF8*$!
{
	archiveVersion = 1;
	classes = {
	};
	objectVersion = 46;
	objects = {

/* Begin PBXBuildFile section */
		BE0737BF1FB5E012007177EA /* UnpinningMetadata.swift in Sources */ = {isa = PBXBuildFile; fileRef = BE0737BE1FB5E012007177EA /* UnpinningMetadata.swift */; };
		BE2332291E745B8A005D3F4C /* BlockBarButtonItem.swift in Sources */ = {isa = PBXBuildFile; fileRef = BE2332281E745B8A005D3F4C /* BlockBarButtonItem.swift */; };
		BE23322C1E74BA30005D3F4C /* PanelContentDelegate.swift in Sources */ = {isa = PBXBuildFile; fileRef = BE23322B1E74BA30005D3F4C /* PanelContentDelegate.swift */; };
		BE23322E1E74BA95005D3F4C /* PanelContentDelegate+Default.swift in Sources */ = {isa = PBXBuildFile; fileRef = BE23322D1E74BA95005D3F4C /* PanelContentDelegate+Default.swift */; };
		BE2332301E74BBF4005D3F4C /* PanelContentDelegate+Navigation.swift in Sources */ = {isa = PBXBuildFile; fileRef = BE23322F1E74BBF4005D3F4C /* PanelContentDelegate+Navigation.swift */; };
		BE24AD081E4F6B11008892A2 /* PanelKit.h in Headers */ = {isa = PBXBuildFile; fileRef = BE24AD061E4F6B11008892A2 /* PanelKit.h */; settings = {ATTRIBUTES = (Public, ); }; };
		BE5123641E5790E30034A61F /* LogLevel.swift in Sources */ = {isa = PBXBuildFile; fileRef = BE5123621E5790E30034A61F /* LogLevel.swift */; };
		BE5123651E5790E30034A61F /* PanelPinSide.swift in Sources */ = {isa = PBXBuildFile; fileRef = BE5123631E5790E30034A61F /* PanelPinSide.swift */; };
		BE5123691E5790FD0034A61F /* PanelManager.swift in Sources */ = {isa = PBXBuildFile; fileRef = BE5123661E5790FD0034A61F /* PanelManager.swift */; };
		BE51236A1E5790FD0034A61F /* PanelManager+Offscreen.swift in Sources */ = {isa = PBXBuildFile; fileRef = BE5123671E5790FD0034A61F /* PanelManager+Offscreen.swift */; };
		BE5123701E5791090034A61F /* PanelNavigationController.swift in Sources */ = {isa = PBXBuildFile; fileRef = BE51236D1E5791090034A61F /* PanelNavigationController.swift */; };
		BE5123711E5791090034A61F /* PanelViewController.swift in Sources */ = {isa = PBXBuildFile; fileRef = BE51236E1E5791090034A61F /* PanelViewController.swift */; };
		BE5BC9611FB6330000DE93E8 /* ResizeStart.swift in Sources */ = {isa = PBXBuildFile; fileRef = BE5BC9601FB6330000DE93E8 /* ResizeStart.swift */; };
		BE5BC9641FB6507100DE93E8 /* PanelStateCoder.swift in Sources */ = {isa = PBXBuildFile; fileRef = BE5BC9631FB6507100DE93E8 /* PanelStateCoder.swift */; };
		BE5BC9661FB650ED00DE93E8 /* PanelState.swift in Sources */ = {isa = PBXBuildFile; fileRef = BE5BC9651FB650ED00DE93E8 /* PanelState.swift */; };
		BE7ED6791FAE3A5F00857273 /* PinnedPosition.swift in Sources */ = {isa = PBXBuildFile; fileRef = BE7ED6781FAE3A5F00857273 /* PinnedPosition.swift */; };
		BE7ED67B1FAE3B2E00857273 /* PanelPinnedMetadata.swift in Sources */ = {isa = PBXBuildFile; fileRef = BE7ED67A1FAE3B2E00857273 /* PanelPinnedMetadata.swift */; };
		BE8682F11E5FA81F00714BED /* PanelManager+Expose.swift in Sources */ = {isa = PBXBuildFile; fileRef = BE8682F01E5FA81F00714BED /* PanelManager+Expose.swift */; };
		BE8682F31E6225DC00714BED /* AssociatedObject.swift in Sources */ = {isa = PBXBuildFile; fileRef = BE8682F21E6225DC00714BED /* AssociatedObject.swift */; };
		BE8682F51E622E9900714BED /* BlockGestureRecognizer.swift in Sources */ = {isa = PBXBuildFile; fileRef = BE8682F41E622E9900714BED /* BlockGestureRecognizer.swift */; };
		BE9C5B561EEB761F009490A1 /* Main.storyboard in Resources */ = {isa = PBXBuildFile; fileRef = BEFCF7781E675D0600BC95ED /* Main.storyboard */; };
		BE9C5B571EEB7629009490A1 /* Main.storyboard in Resources */ = {isa = PBXBuildFile; fileRef = BEBE2F681E7208C800DEDF21 /* Main.storyboard */; };
		BE9E51F51F8AB7760010445A /* PanelViewController+Resize.swift in Sources */ = {isa = PBXBuildFile; fileRef = BE9E51F41F8AB7760010445A /* PanelViewController+Resize.swift */; };
		BEBE2F351E6F459A00DEDF21 /* PanelManager+Pinning.swift in Sources */ = {isa = PBXBuildFile; fileRef = BEBE2F341E6F459A00DEDF21 /* PanelManager+Pinning.swift */; };
		BEBE2F371E6F463300DEDF21 /* PanelManager+AutoLayout.swift in Sources */ = {isa = PBXBuildFile; fileRef = BEBE2F361E6F463300DEDF21 /* PanelManager+AutoLayout.swift */; };
		BEBE2F391E6F47CE00DEDF21 /* PanelManager+Floating.swift in Sources */ = {isa = PBXBuildFile; fileRef = BEBE2F381E6F47CE00DEDF21 /* PanelManager+Floating.swift */; };
		BEBE2F3B1E6F52DA00DEDF21 /* Constants.swift in Sources */ = {isa = PBXBuildFile; fileRef = BEBE2F3A1E6F52DA00DEDF21 /* Constants.swift */; };
		BEBE2F3D1E70984800DEDF21 /* PanelManager+Closing.swift in Sources */ = {isa = PBXBuildFile; fileRef = BEBE2F3C1E70984800DEDF21 /* PanelManager+Closing.swift */; };
		BEBE2F3F1E71DCE400DEDF21 /* PanelViewController+States.swift in Sources */ = {isa = PBXBuildFile; fileRef = BEBE2F3E1E71DCE400DEDF21 /* PanelViewController+States.swift */; };
		BEBE2F411E71DDFC00DEDF21 /* PanelViewController+Appearance.swift in Sources */ = {isa = PBXBuildFile; fileRef = BEBE2F401E71DDFC00DEDF21 /* PanelViewController+Appearance.swift */; };
		BEBE2F431E71DED600DEDF21 /* PanelViewController+Keyboard.swift in Sources */ = {isa = PBXBuildFile; fileRef = BEBE2F421E71DED600DEDF21 /* PanelViewController+Keyboard.swift */; };
		BEBE2F451E71DFC100DEDF21 /* PanelViewController+Dragging.swift in Sources */ = {isa = PBXBuildFile; fileRef = BEBE2F441E71DFC100DEDF21 /* PanelViewController+Dragging.swift */; };
		BEBE2F471E71ED0300DEDF21 /* PanelViewController+Offscreen.swift in Sources */ = {isa = PBXBuildFile; fileRef = BEBE2F461E71ED0300DEDF21 /* PanelViewController+Offscreen.swift */; };
		BEBE2F4F1E71FC0B00DEDF21 /* PanelKitTests.swift in Sources */ = {isa = PBXBuildFile; fileRef = BEBE2F4E1E71FC0B00DEDF21 /* PanelKitTests.swift */; };
		BEBE2F511E71FC0B00DEDF21 /* PanelKit.framework in Frameworks */ = {isa = PBXBuildFile; fileRef = BE24AD031E4F6B11008892A2 /* PanelKit.framework */; };
		BEBE2F5A1E71FCC500DEDF21 /* MapPanelContentViewController.swift in Sources */ = {isa = PBXBuildFile; fileRef = BEBE2F581E71FCC500DEDF21 /* MapPanelContentViewController.swift */; };
		BEBE2F5B1E71FCC500DEDF21 /* TextPanelContentViewController.swift in Sources */ = {isa = PBXBuildFile; fileRef = BEBE2F591E71FCC500DEDF21 /* TextPanelContentViewController.swift */; };
		BEBE2F5D1E71FE1900DEDF21 /* ViewController.swift in Sources */ = {isa = PBXBuildFile; fileRef = BEBE2F5C1E71FE1900DEDF21 /* ViewController.swift */; };
		BEBE2F651E7208C800DEDF21 /* AppDelegate.swift in Sources */ = {isa = PBXBuildFile; fileRef = BEBE2F641E7208C800DEDF21 /* AppDelegate.swift */; };
		BEBE2F671E7208C800DEDF21 /* ViewController.swift in Sources */ = {isa = PBXBuildFile; fileRef = BEBE2F661E7208C800DEDF21 /* ViewController.swift */; };
		BECEE6131E6E225800AB2B25 /* PanelManager+Dragging.swift in Sources */ = {isa = PBXBuildFile; fileRef = BECEE6121E6E225800AB2B25 /* PanelManager+Dragging.swift */; };
		BECEE6151E6E234D00AB2B25 /* PanelManager+Default.swift in Sources */ = {isa = PBXBuildFile; fileRef = BECEE6141E6E234D00AB2B25 /* PanelManager+Default.swift */; };
		BED541DF1E676172002A5459 /* PanelKit.framework in Frameworks */ = {isa = PBXBuildFile; fileRef = BE24AD031E4F6B11008892A2 /* PanelKit.framework */; };
		BED541E01E676172002A5459 /* PanelKit.framework in Embed Frameworks */ = {isa = PBXBuildFile; fileRef = BE24AD031E4F6B11008892A2 /* PanelKit.framework */; settings = {ATTRIBUTES = (CodeSignOnCopy, RemoveHeadersOnCopy, ); }; };
		BEF8014B1E50F0C4007D3CEE /* UIViewController+Popover.swift in Sources */ = {isa = PBXBuildFile; fileRef = BEF8014A1E50F0C4007D3CEE /* UIViewController+Popover.swift */; };
		BEF801511E525607007D3CEE /* CGRect+Center.swift in Sources */ = {isa = PBXBuildFile; fileRef = BEF801501E525607007D3CEE /* CGRect+Center.swift */; };
		BEFCF7691E6759F800BC95ED /* PanelKit_UI_Tests.swift in Sources */ = {isa = PBXBuildFile; fileRef = BEFCF7681E6759F800BC95ED /* PanelKit_UI_Tests.swift */; };
		BEFCF7751E675D0600BC95ED /* AppDelegate.swift in Sources */ = {isa = PBXBuildFile; fileRef = BEFCF7741E675D0600BC95ED /* AppDelegate.swift */; };
		BEFCF7771E675D0600BC95ED /* ViewController.swift in Sources */ = {isa = PBXBuildFile; fileRef = BEFCF7761E675D0600BC95ED /* ViewController.swift */; };
		BEFCF7881E675EC100BC95ED /* MapPanelContentViewController.swift in Sources */ = {isa = PBXBuildFile; fileRef = BEFCF7871E675EC100BC95ED /* MapPanelContentViewController.swift */; };
		BEFCF78A1E67605200BC95ED /* TextPanelContentViewController.swift in Sources */ = {isa = PBXBuildFile; fileRef = BEFCF7891E67605200BC95ED /* TextPanelContentViewController.swift */; };
		BEFE6ACC1F8129DC009B072D /* CornerHandleView.swift in Sources */ = {isa = PBXBuildFile; fileRef = BEFE6ACB1F8129DC009B072D /* CornerHandleView.swift */; };
/* End PBXBuildFile section */

/* Begin PBXContainerItemProxy section */
		BEBE2F521E71FC0B00DEDF21 /* PBXContainerItemProxy */ = {
			isa = PBXContainerItemProxy;
			containerPortal = BE24ACFA1E4F6B11008892A2 /* Project object */;
			proxyType = 1;
			remoteGlobalIDString = BE24AD021E4F6B11008892A2;
			remoteInfo = PanelKit;
		};
		BEBE2F741E7208DE00DEDF21 /* PBXContainerItemProxy */ = {
			isa = PBXContainerItemProxy;
			containerPortal = BE24ACFA1E4F6B11008892A2 /* Project object */;
			proxyType = 1;
			remoteGlobalIDString = BEBE2F611E7208C800DEDF21;
			remoteInfo = "PanelKit Test Host";
		};
		BED541E11E676172002A5459 /* PBXContainerItemProxy */ = {
			isa = PBXContainerItemProxy;
			containerPortal = BE24ACFA1E4F6B11008892A2 /* Project object */;
			proxyType = 1;
			remoteGlobalIDString = BE24AD021E4F6B11008892A2;
			remoteInfo = PanelKit;
		};
		BEFCF7841E675D0B00BC95ED /* PBXContainerItemProxy */ = {
			isa = PBXContainerItemProxy;
			containerPortal = BE24ACFA1E4F6B11008892A2 /* Project object */;
			proxyType = 1;
			remoteGlobalIDString = BEFCF7711E675D0600BC95ED;
			remoteInfo = "PanelKit UI Test Host";
		};
/* End PBXContainerItemProxy section */

/* Begin PBXCopyFilesBuildPhase section */
		BED541E31E676173002A5459 /* Embed Frameworks */ = {
			isa = PBXCopyFilesBuildPhase;
			buildActionMask = 2147483647;
			dstPath = "";
			dstSubfolderSpec = 10;
			files = (
				BED541E01E676172002A5459 /* PanelKit.framework in Embed Frameworks */,
			);
			name = "Embed Frameworks";
			runOnlyForDeploymentPostprocessing = 0;
		};
/* End PBXCopyFilesBuildPhase section */

/* Begin PBXFileReference section */
		BE0737BE1FB5E012007177EA /* UnpinningMetadata.swift */ = {isa = PBXFileReference; lastKnownFileType = sourcecode.swift; name = UnpinningMetadata.swift; path = Model/UnpinningMetadata.swift; sourceTree = "<group>"; };
		BE2332281E745B8A005D3F4C /* BlockBarButtonItem.swift */ = {isa = PBXFileReference; fileEncoding = 4; lastKnownFileType = sourcecode.swift; name = BlockBarButtonItem.swift; path = Utils/BlockBarButtonItem.swift; sourceTree = "<group>"; };
		BE23322B1E74BA30005D3F4C /* PanelContentDelegate.swift */ = {isa = PBXFileReference; fileEncoding = 4; lastKnownFileType = sourcecode.swift; name = PanelContentDelegate.swift; path = PanelContentDelegate/PanelContentDelegate.swift; sourceTree = "<group>"; };
		BE23322D1E74BA95005D3F4C /* PanelContentDelegate+Default.swift */ = {isa = PBXFileReference; fileEncoding = 4; lastKnownFileType = sourcecode.swift; name = "PanelContentDelegate+Default.swift"; path = "PanelContentDelegate/PanelContentDelegate+Default.swift"; sourceTree = "<group>"; };
		BE23322F1E74BBF4005D3F4C /* PanelContentDelegate+Navigation.swift */ = {isa = PBXFileReference; fileEncoding = 4; lastKnownFileType = sourcecode.swift; name = "PanelContentDelegate+Navigation.swift"; path = "PanelContentDelegate/PanelContentDelegate+Navigation.swift"; sourceTree = "<group>"; };
		BE24AD031E4F6B11008892A2 /* PanelKit.framework */ = {isa = PBXFileReference; explicitFileType = wrapper.framework; includeInIndex = 0; path = PanelKit.framework; sourceTree = BUILT_PRODUCTS_DIR; };
		BE24AD061E4F6B11008892A2 /* PanelKit.h */ = {isa = PBXFileReference; lastKnownFileType = sourcecode.c.h; path = PanelKit.h; sourceTree = "<group>"; };
		BE24AD071E4F6B11008892A2 /* Info.plist */ = {isa = PBXFileReference; lastKnownFileType = text.plist.xml; path = Info.plist; sourceTree = "<group>"; };
		BE5123621E5790E30034A61F /* LogLevel.swift */ = {isa = PBXFileReference; fileEncoding = 4; lastKnownFileType = sourcecode.swift; name = LogLevel.swift; path = Model/LogLevel.swift; sourceTree = "<group>"; };
		BE5123631E5790E30034A61F /* PanelPinSide.swift */ = {isa = PBXFileReference; fileEncoding = 4; lastKnownFileType = sourcecode.swift; name = PanelPinSide.swift; path = Model/PanelPinSide.swift; sourceTree = "<group>"; };
		BE5123661E5790FD0034A61F /* PanelManager.swift */ = {isa = PBXFileReference; fileEncoding = 4; lastKnownFileType = sourcecode.swift; name = PanelManager.swift; path = PanelManager/PanelManager.swift; sourceTree = "<group>"; };
		BE5123671E5790FD0034A61F /* PanelManager+Offscreen.swift */ = {isa = PBXFileReference; fileEncoding = 4; lastKnownFileType = sourcecode.swift; name = "PanelManager+Offscreen.swift"; path = "PanelManager/PanelManager+Offscreen.swift"; sourceTree = "<group>"; };
		BE51236D1E5791090034A61F /* PanelNavigationController.swift */ = {isa = PBXFileReference; fileEncoding = 4; lastKnownFileType = sourcecode.swift; name = PanelNavigationController.swift; path = Controller/PanelNavigationController.swift; sourceTree = "<group>"; };
		BE51236E1E5791090034A61F /* PanelViewController.swift */ = {isa = PBXFileReference; fileEncoding = 4; lastKnownFileType = sourcecode.swift; name = PanelViewController.swift; path = Controller/PanelViewController.swift; sourceTree = "<group>"; };
		BE5BC9601FB6330000DE93E8 /* ResizeStart.swift */ = {isa = PBXFileReference; lastKnownFileType = sourcecode.swift; name = ResizeStart.swift; path = Model/ResizeStart.swift; sourceTree = "<group>"; };
		BE5BC9631FB6507100DE93E8 /* PanelStateCoder.swift */ = {isa = PBXFileReference; lastKnownFileType = sourcecode.swift; name = PanelStateCoder.swift; path = "State Restoration/PanelStateCoder.swift"; sourceTree = "<group>"; };
		BE5BC9651FB650ED00DE93E8 /* PanelState.swift */ = {isa = PBXFileReference; lastKnownFileType = sourcecode.swift; name = PanelState.swift; path = "State Restoration/PanelState.swift"; sourceTree = "<group>"; };
		BE7ED6781FAE3A5F00857273 /* PinnedPosition.swift */ = {isa = PBXFileReference; lastKnownFileType = sourcecode.swift; name = PinnedPosition.swift; path = Model/PinnedPosition.swift; sourceTree = "<group>"; };
		BE7ED67A1FAE3B2E00857273 /* PanelPinnedMetadata.swift */ = {isa = PBXFileReference; lastKnownFileType = sourcecode.swift; name = PanelPinnedMetadata.swift; path = Model/PanelPinnedMetadata.swift; sourceTree = "<group>"; };
		BE8682F01E5FA81F00714BED /* PanelManager+Expose.swift */ = {isa = PBXFileReference; fileEncoding = 4; lastKnownFileType = sourcecode.swift; name = "PanelManager+Expose.swift"; path = "PanelManager/PanelManager+Expose.swift"; sourceTree = "<group>"; };
		BE8682F21E6225DC00714BED /* AssociatedObject.swift */ = {isa = PBXFileReference; fileEncoding = 4; lastKnownFileType = sourcecode.swift; name = AssociatedObject.swift; path = Model/AssociatedObject.swift; sourceTree = "<group>"; };
		BE8682F41E622E9900714BED /* BlockGestureRecognizer.swift */ = {isa = PBXFileReference; fileEncoding = 4; lastKnownFileType = sourcecode.swift; name = BlockGestureRecognizer.swift; path = Model/BlockGestureRecognizer.swift; sourceTree = "<group>"; };
		BE9E51F41F8AB7760010445A /* PanelViewController+Resize.swift */ = {isa = PBXFileReference; lastKnownFileType = sourcecode.swift; name = "PanelViewController+Resize.swift"; path = "Controller/PanelViewController+Resize.swift"; sourceTree = "<group>"; };
		BEBE2F341E6F459A00DEDF21 /* PanelManager+Pinning.swift */ = {isa = PBXFileReference; fileEncoding = 4; lastKnownFileType = sourcecode.swift; name = "PanelManager+Pinning.swift"; path = "PanelManager/PanelManager+Pinning.swift"; sourceTree = "<group>"; };
		BEBE2F361E6F463300DEDF21 /* PanelManager+AutoLayout.swift */ = {isa = PBXFileReference; fileEncoding = 4; lastKnownFileType = sourcecode.swift; name = "PanelManager+AutoLayout.swift"; path = "PanelManager/PanelManager+AutoLayout.swift"; sourceTree = "<group>"; };
		BEBE2F381E6F47CE00DEDF21 /* PanelManager+Floating.swift */ = {isa = PBXFileReference; fileEncoding = 4; lastKnownFileType = sourcecode.swift; name = "PanelManager+Floating.swift"; path = "PanelManager/PanelManager+Floating.swift"; sourceTree = "<group>"; };
		BEBE2F3A1E6F52DA00DEDF21 /* Constants.swift */ = {isa = PBXFileReference; fileEncoding = 4; lastKnownFileType = sourcecode.swift; name = Constants.swift; path = Model/Constants.swift; sourceTree = "<group>"; };
		BEBE2F3C1E70984800DEDF21 /* PanelManager+Closing.swift */ = {isa = PBXFileReference; fileEncoding = 4; lastKnownFileType = sourcecode.swift; name = "PanelManager+Closing.swift"; path = "PanelManager/PanelManager+Closing.swift"; sourceTree = "<group>"; };
		BEBE2F3E1E71DCE400DEDF21 /* PanelViewController+States.swift */ = {isa = PBXFileReference; fileEncoding = 4; lastKnownFileType = sourcecode.swift; name = "PanelViewController+States.swift"; path = "Controller/PanelViewController+States.swift"; sourceTree = "<group>"; };
		BEBE2F401E71DDFC00DEDF21 /* PanelViewController+Appearance.swift */ = {isa = PBXFileReference; fileEncoding = 4; lastKnownFileType = sourcecode.swift; name = "PanelViewController+Appearance.swift"; path = "Controller/PanelViewController+Appearance.swift"; sourceTree = "<group>"; };
		BEBE2F421E71DED600DEDF21 /* PanelViewController+Keyboard.swift */ = {isa = PBXFileReference; fileEncoding = 4; lastKnownFileType = sourcecode.swift; name = "PanelViewController+Keyboard.swift"; path = "Controller/PanelViewController+Keyboard.swift"; sourceTree = "<group>"; };
		BEBE2F441E71DFC100DEDF21 /* PanelViewController+Dragging.swift */ = {isa = PBXFileReference; fileEncoding = 4; lastKnownFileType = sourcecode.swift; name = "PanelViewController+Dragging.swift"; path = "Controller/PanelViewController+Dragging.swift"; sourceTree = "<group>"; };
		BEBE2F461E71ED0300DEDF21 /* PanelViewController+Offscreen.swift */ = {isa = PBXFileReference; fileEncoding = 4; lastKnownFileType = sourcecode.swift; name = "PanelViewController+Offscreen.swift"; path = "Controller/PanelViewController+Offscreen.swift"; sourceTree = "<group>"; };
		BEBE2F4C1E71FC0A00DEDF21 /* PanelKitTests.xctest */ = {isa = PBXFileReference; explicitFileType = wrapper.cfbundle; includeInIndex = 0; path = PanelKitTests.xctest; sourceTree = BUILT_PRODUCTS_DIR; };
		BEBE2F4E1E71FC0B00DEDF21 /* PanelKitTests.swift */ = {isa = PBXFileReference; lastKnownFileType = sourcecode.swift; path = PanelKitTests.swift; sourceTree = "<group>"; };
		BEBE2F501E71FC0B00DEDF21 /* Info.plist */ = {isa = PBXFileReference; lastKnownFileType = text.plist.xml; path = Info.plist; sourceTree = "<group>"; };
		BEBE2F581E71FCC500DEDF21 /* MapPanelContentViewController.swift */ = {isa = PBXFileReference; fileEncoding = 4; lastKnownFileType = sourcecode.swift; name = MapPanelContentViewController.swift; path = Panels/MapPanelContentViewController.swift; sourceTree = "<group>"; };
		BEBE2F591E71FCC500DEDF21 /* TextPanelContentViewController.swift */ = {isa = PBXFileReference; fileEncoding = 4; lastKnownFileType = sourcecode.swift; name = TextPanelContentViewController.swift; path = Panels/TextPanelContentViewController.swift; sourceTree = "<group>"; };
		BEBE2F5C1E71FE1900DEDF21 /* ViewController.swift */ = {isa = PBXFileReference; fileEncoding = 4; lastKnownFileType = sourcecode.swift; path = ViewController.swift; sourceTree = "<group>"; };
		BEBE2F621E7208C800DEDF21 /* PanelKit Test Host.app */ = {isa = PBXFileReference; explicitFileType = wrapper.application; includeInIndex = 0; path = "PanelKit Test Host.app"; sourceTree = BUILT_PRODUCTS_DIR; };
		BEBE2F641E7208C800DEDF21 /* AppDelegate.swift */ = {isa = PBXFileReference; lastKnownFileType = sourcecode.swift; path = AppDelegate.swift; sourceTree = "<group>"; };
		BEBE2F661E7208C800DEDF21 /* ViewController.swift */ = {isa = PBXFileReference; lastKnownFileType = sourcecode.swift; path = ViewController.swift; sourceTree = "<group>"; };
		BEBE2F691E7208C800DEDF21 /* Base */ = {isa = PBXFileReference; lastKnownFileType = file.storyboard; name = Base; path = Base.lproj/Main.storyboard; sourceTree = "<group>"; };
		BEBE2F6B1E7208C800DEDF21 /* Assets.xcassets */ = {isa = PBXFileReference; lastKnownFileType = folder.assetcatalog; path = Assets.xcassets; sourceTree = "<group>"; };
		BEBE2F6E1E7208C800DEDF21 /* Base */ = {isa = PBXFileReference; lastKnownFileType = file.storyboard; name = Base; path = Base.lproj/LaunchScreen.storyboard; sourceTree = "<group>"; };
		BEBE2F701E7208C800DEDF21 /* Info.plist */ = {isa = PBXFileReference; lastKnownFileType = text.plist.xml; path = Info.plist; sourceTree = "<group>"; };
		BECEE6121E6E225800AB2B25 /* PanelManager+Dragging.swift */ = {isa = PBXFileReference; fileEncoding = 4; lastKnownFileType = sourcecode.swift; name = "PanelManager+Dragging.swift"; path = "PanelManager/PanelManager+Dragging.swift"; sourceTree = "<group>"; };
		BECEE6141E6E234D00AB2B25 /* PanelManager+Default.swift */ = {isa = PBXFileReference; fileEncoding = 4; lastKnownFileType = sourcecode.swift; name = "PanelManager+Default.swift"; path = "PanelManager/PanelManager+Default.swift"; sourceTree = "<group>"; };
		BEF8014A1E50F0C4007D3CEE /* UIViewController+Popover.swift */ = {isa = PBXFileReference; fileEncoding = 4; lastKnownFileType = sourcecode.swift; name = "UIViewController+Popover.swift"; path = "Utils/UIViewController+Popover.swift"; sourceTree = "<group>"; };
		BEF801501E525607007D3CEE /* CGRect+Center.swift */ = {isa = PBXFileReference; fileEncoding = 4; lastKnownFileType = sourcecode.swift; name = "CGRect+Center.swift"; path = "Utils/CGRect+Center.swift"; sourceTree = "<group>"; };
		BEFCF7661E6759F800BC95ED /* PanelKit UI Tests.xctest */ = {isa = PBXFileReference; explicitFileType = wrapper.cfbundle; includeInIndex = 0; path = "PanelKit UI Tests.xctest"; sourceTree = BUILT_PRODUCTS_DIR; };
		BEFCF7681E6759F800BC95ED /* PanelKit_UI_Tests.swift */ = {isa = PBXFileReference; lastKnownFileType = sourcecode.swift; path = PanelKit_UI_Tests.swift; sourceTree = "<group>"; };
		BEFCF76A1E6759F800BC95ED /* Info.plist */ = {isa = PBXFileReference; lastKnownFileType = text.plist.xml; path = Info.plist; sourceTree = "<group>"; };
		BEFCF7721E675D0600BC95ED /* PanelKit UI Test Host.app */ = {isa = PBXFileReference; explicitFileType = wrapper.application; includeInIndex = 0; path = "PanelKit UI Test Host.app"; sourceTree = BUILT_PRODUCTS_DIR; };
		BEFCF7741E675D0600BC95ED /* AppDelegate.swift */ = {isa = PBXFileReference; lastKnownFileType = sourcecode.swift; path = AppDelegate.swift; sourceTree = "<group>"; };
		BEFCF7761E675D0600BC95ED /* ViewController.swift */ = {isa = PBXFileReference; lastKnownFileType = sourcecode.swift; path = ViewController.swift; sourceTree = "<group>"; };
		BEFCF7791E675D0600BC95ED /* Base */ = {isa = PBXFileReference; lastKnownFileType = file.storyboard; name = Base; path = Base.lproj/Main.storyboard; sourceTree = "<group>"; };
		BEFCF77B1E675D0600BC95ED /* Assets.xcassets */ = {isa = PBXFileReference; lastKnownFileType = folder.assetcatalog; path = Assets.xcassets; sourceTree = "<group>"; };
		BEFCF77E1E675D0600BC95ED /* Base */ = {isa = PBXFileReference; lastKnownFileType = file.storyboard; name = Base; path = Base.lproj/LaunchScreen.storyboard; sourceTree = "<group>"; };
		BEFCF7801E675D0600BC95ED /* Info.plist */ = {isa = PBXFileReference; lastKnownFileType = text.plist.xml; path = Info.plist; sourceTree = "<group>"; };
		BEFCF7871E675EC100BC95ED /* MapPanelContentViewController.swift */ = {isa = PBXFileReference; fileEncoding = 4; lastKnownFileType = sourcecode.swift; name = MapPanelContentViewController.swift; path = Panels/MapPanelContentViewController.swift; sourceTree = "<group>"; };
		BEFCF7891E67605200BC95ED /* TextPanelContentViewController.swift */ = {isa = PBXFileReference; fileEncoding = 4; lastKnownFileType = sourcecode.swift; name = TextPanelContentViewController.swift; path = Panels/TextPanelContentViewController.swift; sourceTree = "<group>"; };
		BEFE6ACB1F8129DC009B072D /* CornerHandleView.swift */ = {isa = PBXFileReference; lastKnownFileType = sourcecode.swift; name = CornerHandleView.swift; path = View/CornerHandleView.swift; sourceTree = "<group>"; };
/* End PBXFileReference section */

/* Begin PBXFrameworksBuildPhase section */
		BE24ACFF1E4F6B11008892A2 /* Frameworks */ = {
			isa = PBXFrameworksBuildPhase;
			buildActionMask = 2147483647;
			files = (
			);
			runOnlyForDeploymentPostprocessing = 0;
		};
		BEBE2F491E71FC0A00DEDF21 /* Frameworks */ = {
			isa = PBXFrameworksBuildPhase;
			buildActionMask = 2147483647;
			files = (
				BEBE2F511E71FC0B00DEDF21 /* PanelKit.framework in Frameworks */,
			);
			runOnlyForDeploymentPostprocessing = 0;
		};
		BEBE2F5F1E7208C800DEDF21 /* Frameworks */ = {
			isa = PBXFrameworksBuildPhase;
			buildActionMask = 2147483647;
			files = (
			);
			runOnlyForDeploymentPostprocessing = 0;
		};
		BEFCF7631E6759F800BC95ED /* Frameworks */ = {
			isa = PBXFrameworksBuildPhase;
			buildActionMask = 2147483647;
			files = (
			);
			runOnlyForDeploymentPostprocessing = 0;
		};
		BEFCF76F1E675D0600BC95ED /* Frameworks */ = {
			isa = PBXFrameworksBuildPhase;
			buildActionMask = 2147483647;
			files = (
				BED541DF1E676172002A5459 /* PanelKit.framework in Frameworks */,
			);
			runOnlyForDeploymentPostprocessing = 0;
		};
/* End PBXFrameworksBuildPhase section */

/* Begin PBXGroup section */
		BE23322A1E74BA1A005D3F4C /* PanelContentDelegate */ = {
			isa = PBXGroup;
			children = (
				BE23322B1E74BA30005D3F4C /* PanelContentDelegate.swift */,
				BE23322D1E74BA95005D3F4C /* PanelContentDelegate+Default.swift */,
				BE23322F1E74BBF4005D3F4C /* PanelContentDelegate+Navigation.swift */,
			);
			name = PanelContentDelegate;
			sourceTree = "<group>";
		};
		BE24ACF91E4F6B11008892A2 = {
			isa = PBXGroup;
			children = (
				BE24AD051E4F6B11008892A2 /* PanelKit */,
				BEFCF7731E675D0600BC95ED /* PanelKit UI Test Host */,
				BEFCF7671E6759F800BC95ED /* PanelKit UI Tests */,
				BEBE2F631E7208C800DEDF21 /* PanelKit Test Host */,
				BEBE2F4D1E71FC0A00DEDF21 /* PanelKit Tests */,
				BE24AD041E4F6B11008892A2 /* Products */,
			);
			sourceTree = "<group>";
		};
		BE24AD041E4F6B11008892A2 /* Products */ = {
			isa = PBXGroup;
			children = (
				BE24AD031E4F6B11008892A2 /* PanelKit.framework */,
				BEFCF7661E6759F800BC95ED /* PanelKit UI Tests.xctest */,
				BEFCF7721E675D0600BC95ED /* PanelKit UI Test Host.app */,
				BEBE2F4C1E71FC0A00DEDF21 /* PanelKitTests.xctest */,
				BEBE2F621E7208C800DEDF21 /* PanelKit Test Host.app */,
			);
			name = Products;
			sourceTree = "<group>";
		};
		BE24AD051E4F6B11008892A2 /* PanelKit */ = {
			isa = PBXGroup;
			children = (
				BE5BC9621FB63BCB00DE93E8 /* State Restoration */,
				BE9E51F61F8AB7CF0010445A /* View */,
				BEF801491E50F0A1007D3CEE /* Utils */,
				BE51235F1E5790960034A61F /* Model */,
				BE5123611E5790AA0034A61F /* PanelManager */,
				BE23322A1E74BA1A005D3F4C /* PanelContentDelegate */,
				BE5123601E57909B0034A61F /* Controller */,
				BE24AD061E4F6B11008892A2 /* PanelKit.h */,
				BE24AD071E4F6B11008892A2 /* Info.plist */,
			);
			path = PanelKit;
			sourceTree = "<group>";
		};
		BE51235F1E5790960034A61F /* Model */ = {
			isa = PBXGroup;
			children = (
				BE5123621E5790E30034A61F /* LogLevel.swift */,
				BE5123631E5790E30034A61F /* PanelPinSide.swift */,
				BEBE2F3A1E6F52DA00DEDF21 /* Constants.swift */,
				BE7ED6781FAE3A5F00857273 /* PinnedPosition.swift */,
				BE7ED67A1FAE3B2E00857273 /* PanelPinnedMetadata.swift */,
				BE0737BE1FB5E012007177EA /* UnpinningMetadata.swift */,
				BE5BC9601FB6330000DE93E8 /* ResizeStart.swift */,
				BE5BC9651FB650ED00DE93E8 /* PanelState.swift */,
			);
			name = Model;
			sourceTree = "<group>";
		};
		BE5123601E57909B0034A61F /* Controller */ = {
			isa = PBXGroup;
			children = (
				BE51236D1E5791090034A61F /* PanelNavigationController.swift */,
				BE51236E1E5791090034A61F /* PanelViewController.swift */,
				BEBE2F401E71DDFC00DEDF21 /* PanelViewController+Appearance.swift */,
				BEBE2F441E71DFC100DEDF21 /* PanelViewController+Dragging.swift */,
				BEBE2F421E71DED600DEDF21 /* PanelViewController+Keyboard.swift */,
				BEBE2F461E71ED0300DEDF21 /* PanelViewController+Offscreen.swift */,
				BEBE2F3E1E71DCE400DEDF21 /* PanelViewController+States.swift */,
				BE9E51F41F8AB7760010445A /* PanelViewController+Resize.swift */,
			);
			name = Controller;
			sourceTree = "<group>";
		};
		BE5123611E5790AA0034A61F /* PanelManager */ = {
			isa = PBXGroup;
			children = (
				BE5123661E5790FD0034A61F /* PanelManager.swift */,
				BEBE2F361E6F463300DEDF21 /* PanelManager+AutoLayout.swift */,
				BEBE2F3C1E70984800DEDF21 /* PanelManager+Closing.swift */,
				BECEE6121E6E225800AB2B25 /* PanelManager+Dragging.swift */,
				BECEE6141E6E234D00AB2B25 /* PanelManager+Default.swift */,
				BE8682F01E5FA81F00714BED /* PanelManager+Expose.swift */,
				BEBE2F381E6F47CE00DEDF21 /* PanelManager+Floating.swift */,
				BE5123671E5790FD0034A61F /* PanelManager+Offscreen.swift */,
				BEBE2F341E6F459A00DEDF21 /* PanelManager+Pinning.swift */,
			);
			name = PanelManager;
			sourceTree = "<group>";
		};
		BE5BC9621FB63BCB00DE93E8 /* State Restoration */ = {
			isa = PBXGroup;
			children = (
				BE5BC9631FB6507100DE93E8 /* PanelStateCoder.swift */,
			);
			name = "State Restoration";
			sourceTree = "<group>";
		};
		BE9E51F61F8AB7CF0010445A /* View */ = {
			isa = PBXGroup;
			children = (
				BEFE6ACB1F8129DC009B072D /* CornerHandleView.swift */,
			);
			name = View;
			sourceTree = "<group>";
		};
		BEBE2F4D1E71FC0A00DEDF21 /* PanelKit Tests */ = {
			isa = PBXGroup;
			children = (
				BEBE2F5C1E71FE1900DEDF21 /* ViewController.swift */,
				BEBE2F571E71FCA300DEDF21 /* Panels */,
				BEBE2F4E1E71FC0B00DEDF21 /* PanelKitTests.swift */,
				BEBE2F501E71FC0B00DEDF21 /* Info.plist */,
			);
			name = "PanelKit Tests";
			path = PanelKitTests;
			sourceTree = "<group>";
		};
		BEBE2F571E71FCA300DEDF21 /* Panels */ = {
			isa = PBXGroup;
			children = (
				BEBE2F581E71FCC500DEDF21 /* MapPanelContentViewController.swift */,
				BEBE2F591E71FCC500DEDF21 /* TextPanelContentViewController.swift */,
			);
			name = Panels;
			sourceTree = "<group>";
		};
		BEBE2F631E7208C800DEDF21 /* PanelKit Test Host */ = {
			isa = PBXGroup;
			children = (
				BEBE2F641E7208C800DEDF21 /* AppDelegate.swift */,
				BEBE2F661E7208C800DEDF21 /* ViewController.swift */,
				BEBE2F681E7208C800DEDF21 /* Main.storyboard */,
				BEBE2F6B1E7208C800DEDF21 /* Assets.xcassets */,
				BEBE2F6D1E7208C800DEDF21 /* LaunchScreen.storyboard */,
				BEBE2F701E7208C800DEDF21 /* Info.plist */,
			);
			path = "PanelKit Test Host";
			sourceTree = "<group>";
		};
		BEF801491E50F0A1007D3CEE /* Utils */ = {
			isa = PBXGroup;
			children = (
				BEF8014A1E50F0C4007D3CEE /* UIViewController+Popover.swift */,
				BEF801501E525607007D3CEE /* CGRect+Center.swift */,
				BE8682F21E6225DC00714BED /* AssociatedObject.swift */,
				BE8682F41E622E9900714BED /* BlockGestureRecognizer.swift */,
				BE2332281E745B8A005D3F4C /* BlockBarButtonItem.swift */,
			);
			name = Utils;
			sourceTree = "<group>";
		};
		BEFCF7671E6759F800BC95ED /* PanelKit UI Tests */ = {
			isa = PBXGroup;
			children = (
				BEFCF7681E6759F800BC95ED /* PanelKit_UI_Tests.swift */,
				BEFCF76A1E6759F800BC95ED /* Info.plist */,
			);
			path = "PanelKit UI Tests";
			sourceTree = "<group>";
		};
		BEFCF7731E675D0600BC95ED /* PanelKit UI Test Host */ = {
			isa = PBXGroup;
			children = (
				BEFCF7861E675EA100BC95ED /* Panels */,
				BEFCF7741E675D0600BC95ED /* AppDelegate.swift */,
				BEFCF7761E675D0600BC95ED /* ViewController.swift */,
				BEFCF7781E675D0600BC95ED /* Main.storyboard */,
				BEFCF77B1E675D0600BC95ED /* Assets.xcassets */,
				BEFCF77D1E675D0600BC95ED /* LaunchScreen.storyboard */,
				BEFCF7801E675D0600BC95ED /* Info.plist */,
			);
			path = "PanelKit UI Test Host";
			sourceTree = "<group>";
		};
		BEFCF7861E675EA100BC95ED /* Panels */ = {
			isa = PBXGroup;
			children = (
				BEFCF7871E675EC100BC95ED /* MapPanelContentViewController.swift */,
				BEFCF7891E67605200BC95ED /* TextPanelContentViewController.swift */,
			);
			name = Panels;
			sourceTree = "<group>";
		};
/* End PBXGroup section */

/* Begin PBXHeadersBuildPhase section */
		BE24AD001E4F6B11008892A2 /* Headers */ = {
			isa = PBXHeadersBuildPhase;
			buildActionMask = 2147483647;
			files = (
				BE24AD081E4F6B11008892A2 /* PanelKit.h in Headers */,
			);
			runOnlyForDeploymentPostprocessing = 0;
		};
/* End PBXHeadersBuildPhase section */

/* Begin PBXNativeTarget section */
		BE24AD021E4F6B11008892A2 /* PanelKit */ = {
			isa = PBXNativeTarget;
			buildConfigurationList = BE24AD0B1E4F6B11008892A2 /* Build configuration list for PBXNativeTarget "PanelKit" */;
			buildPhases = (
				BE24ACFE1E4F6B11008892A2 /* Sources */,
				BE24ACFF1E4F6B11008892A2 /* Frameworks */,
				BE24AD001E4F6B11008892A2 /* Headers */,
			);
			buildRules = (
			);
			dependencies = (
			);
			name = PanelKit;
			productName = PanelKit;
			productReference = BE24AD031E4F6B11008892A2 /* PanelKit.framework */;
			productType = "com.apple.product-type.framework";
		};
		BEBE2F4B1E71FC0A00DEDF21 /* PanelKitTests */ = {
			isa = PBXNativeTarget;
			buildConfigurationList = BEBE2F541E71FC0B00DEDF21 /* Build configuration list for PBXNativeTarget "PanelKitTests" */;
			buildPhases = (
				BEBE2F481E71FC0A00DEDF21 /* Sources */,
				BEBE2F491E71FC0A00DEDF21 /* Frameworks */,
			);
			buildRules = (
			);
			dependencies = (
				BEBE2F531E71FC0B00DEDF21 /* PBXTargetDependency */,
				BEBE2F751E7208DE00DEDF21 /* PBXTargetDependency */,
			);
			name = PanelKitTests;
			productName = PanelKitTests;
			productReference = BEBE2F4C1E71FC0A00DEDF21 /* PanelKitTests.xctest */;
			productType = "com.apple.product-type.bundle.unit-test";
		};
		BEBE2F611E7208C800DEDF21 /* PanelKit Test Host */ = {
			isa = PBXNativeTarget;
			buildConfigurationList = BEBE2F711E7208C800DEDF21 /* Build configuration list for PBXNativeTarget "PanelKit Test Host" */;
			buildPhases = (
				BEBE2F5E1E7208C800DEDF21 /* Sources */,
				BEBE2F5F1E7208C800DEDF21 /* Frameworks */,
				BE9C5B551EEB7619009490A1 /* Resources */,
			);
			buildRules = (
			);
			dependencies = (
			);
			name = "PanelKit Test Host";
			productName = "PanelKit Test Host";
			productReference = BEBE2F621E7208C800DEDF21 /* PanelKit Test Host.app */;
			productType = "com.apple.product-type.application";
		};
		BEFCF7651E6759F800BC95ED /* PanelKit UI Tests */ = {
			isa = PBXNativeTarget;
			buildConfigurationList = BEFCF76D1E6759F800BC95ED /* Build configuration list for PBXNativeTarget "PanelKit UI Tests" */;
			buildPhases = (
				BEFCF7621E6759F800BC95ED /* Sources */,
				BEFCF7631E6759F800BC95ED /* Frameworks */,
			);
			buildRules = (
			);
			dependencies = (
				BEFCF7851E675D0B00BC95ED /* PBXTargetDependency */,
			);
			name = "PanelKit UI Tests";
			productName = "PanelKit UI Tests";
			productReference = BEFCF7661E6759F800BC95ED /* PanelKit UI Tests.xctest */;
			productType = "com.apple.product-type.bundle.ui-testing";
		};
		BEFCF7711E675D0600BC95ED /* PanelKit UI Test Host */ = {
			isa = PBXNativeTarget;
			buildConfigurationList = BEFCF7811E675D0600BC95ED /* Build configuration list for PBXNativeTarget "PanelKit UI Test Host" */;
			buildPhases = (
				BEFCF76E1E675D0600BC95ED /* Sources */,
				BEFCF76F1E675D0600BC95ED /* Frameworks */,
				BED541E31E676173002A5459 /* Embed Frameworks */,
				BE9C5B541EEB7616009490A1 /* Resources */,
			);
			buildRules = (
			);
			dependencies = (
				BED541E21E676172002A5459 /* PBXTargetDependency */,
			);
			name = "PanelKit UI Test Host";
			productName = "PanelKit UI Test Host";
			productReference = BEFCF7721E675D0600BC95ED /* PanelKit UI Test Host.app */;
			productType = "com.apple.product-type.application";
		};
/* End PBXNativeTarget section */

/* Begin PBXProject section */
		BE24ACFA1E4F6B11008892A2 /* Project object */ = {
			isa = PBXProject;
			attributes = {
				LastSwiftUpdateCheck = 0820;
				LastUpgradeCheck = 0900;
				ORGANIZATIONNAME = "Silver Fox";
				TargetAttributes = {
					BE24AD021E4F6B11008892A2 = {
						CreatedOnToolsVersion = 8.2.1;
						LastSwiftMigration = 0900;
						ProvisioningStyle = Automatic;
					};
					BEBE2F4B1E71FC0A00DEDF21 = {
						CreatedOnToolsVersion = 8.2.1;
						DevelopmentTeam = 6G5LMQ72D8;
						LastSwiftMigration = 0900;
						ProvisioningStyle = Automatic;
						TestTargetID = BEBE2F611E7208C800DEDF21;
					};
					BEBE2F611E7208C800DEDF21 = {
						CreatedOnToolsVersion = 8.2.1;
						DevelopmentTeam = 6G5LMQ72D8;
						LastSwiftMigration = 0900;
						ProvisioningStyle = Automatic;
					};
					BEFCF7651E6759F800BC95ED = {
						CreatedOnToolsVersion = 8.2.1;
						DevelopmentTeam = 6G5LMQ72D8;
						LastSwiftMigration = 0900;
						ProvisioningStyle = Automatic;
						TestTargetID = BEFCF7711E675D0600BC95ED;
					};
					BEFCF7711E675D0600BC95ED = {
						CreatedOnToolsVersion = 8.2.1;
						DevelopmentTeam = 6G5LMQ72D8;
						LastSwiftMigration = 0900;
						ProvisioningStyle = Automatic;
					};
				};
			};
			buildConfigurationList = BE24ACFD1E4F6B11008892A2 /* Build configuration list for PBXProject "PanelKit" */;
			compatibilityVersion = "Xcode 3.2";
			developmentRegion = English;
			hasScannedForEncodings = 0;
			knownRegions = (
				en,
				Base,
			);
			mainGroup = BE24ACF91E4F6B11008892A2;
			productRefGroup = BE24AD041E4F6B11008892A2 /* Products */;
			projectDirPath = "";
			projectRoot = "";
			targets = (
				BE24AD021E4F6B11008892A2 /* PanelKit */,
				BEFCF7651E6759F800BC95ED /* PanelKit UI Tests */,
				BEFCF7711E675D0600BC95ED /* PanelKit UI Test Host */,
				BEBE2F4B1E71FC0A00DEDF21 /* PanelKitTests */,
				BEBE2F611E7208C800DEDF21 /* PanelKit Test Host */,
			);
		};
/* End PBXProject section */

/* Begin PBXResourcesBuildPhase section */
		BE9C5B541EEB7616009490A1 /* Resources */ = {
			isa = PBXResourcesBuildPhase;
			buildActionMask = 2147483647;
			files = (
				BE9C5B561EEB761F009490A1 /* Main.storyboard in Resources */,
			);
			runOnlyForDeploymentPostprocessing = 0;
		};
		BE9C5B551EEB7619009490A1 /* Resources */ = {
			isa = PBXResourcesBuildPhase;
			buildActionMask = 2147483647;
			files = (
				BE9C5B571EEB7629009490A1 /* Main.storyboard in Resources */,
			);
			runOnlyForDeploymentPostprocessing = 0;
		};
/* End PBXResourcesBuildPhase section */

/* Begin PBXSourcesBuildPhase section */
		BE24ACFE1E4F6B11008892A2 /* Sources */ = {
			isa = PBXSourcesBuildPhase;
			buildActionMask = 2147483647;
			files = (
				BE5123691E5790FD0034A61F /* PanelManager.swift in Sources */,
				BEBE2F3B1E6F52DA00DEDF21 /* Constants.swift in Sources */,
				BE8682F11E5FA81F00714BED /* PanelManager+Expose.swift in Sources */,
				BEBE2F471E71ED0300DEDF21 /* PanelViewController+Offscreen.swift in Sources */,
				BE8682F51E622E9900714BED /* BlockGestureRecognizer.swift in Sources */,
				BE7ED67B1FAE3B2E00857273 /* PanelPinnedMetadata.swift in Sources */,
				BEFE6ACC1F8129DC009B072D /* CornerHandleView.swift in Sources */,
				BE5BC9611FB6330000DE93E8 /* ResizeStart.swift in Sources */,
				BE2332301E74BBF4005D3F4C /* PanelContentDelegate+Navigation.swift in Sources */,
				BEBE2F451E71DFC100DEDF21 /* PanelViewController+Dragging.swift in Sources */,
				BE0737BF1FB5E012007177EA /* UnpinningMetadata.swift in Sources */,
				BEF8014B1E50F0C4007D3CEE /* UIViewController+Popover.swift in Sources */,
				BE23322E1E74BA95005D3F4C /* PanelContentDelegate+Default.swift in Sources */,
				BE5BC9661FB650ED00DE93E8 /* PanelState.swift in Sources */,
				BEBE2F3F1E71DCE400DEDF21 /* PanelViewController+States.swift in Sources */,
				BE23322C1E74BA30005D3F4C /* PanelContentDelegate.swift in Sources */,
				BE9E51F51F8AB7760010445A /* PanelViewController+Resize.swift in Sources */,
				BE8682F31E6225DC00714BED /* AssociatedObject.swift in Sources */,
				BE7ED6791FAE3A5F00857273 /* PinnedPosition.swift in Sources */,
				BE5BC9641FB6507100DE93E8 /* PanelStateCoder.swift in Sources */,
				BEBE2F391E6F47CE00DEDF21 /* PanelManager+Floating.swift in Sources */,
				BE5123701E5791090034A61F /* PanelNavigationController.swift in Sources */,
				BEF801511E525607007D3CEE /* CGRect+Center.swift in Sources */,
				BECEE6131E6E225800AB2B25 /* PanelManager+Dragging.swift in Sources */,
				BEBE2F431E71DED600DEDF21 /* PanelViewController+Keyboard.swift in Sources */,
				BE5123641E5790E30034A61F /* LogLevel.swift in Sources */,
				BE51236A1E5790FD0034A61F /* PanelManager+Offscreen.swift in Sources */,
				BEBE2F411E71DDFC00DEDF21 /* PanelViewController+Appearance.swift in Sources */,
				BE2332291E745B8A005D3F4C /* BlockBarButtonItem.swift in Sources */,
				BE5123651E5790E30034A61F /* PanelPinSide.swift in Sources */,
				BE5123711E5791090034A61F /* PanelViewController.swift in Sources */,
				BEBE2F351E6F459A00DEDF21 /* PanelManager+Pinning.swift in Sources */,
				BECEE6151E6E234D00AB2B25 /* PanelManager+Default.swift in Sources */,
				BEBE2F3D1E70984800DEDF21 /* PanelManager+Closing.swift in Sources */,
				BEBE2F371E6F463300DEDF21 /* PanelManager+AutoLayout.swift in Sources */,
			);
			runOnlyForDeploymentPostprocessing = 0;
		};
		BEBE2F481E71FC0A00DEDF21 /* Sources */ = {
			isa = PBXSourcesBuildPhase;
			buildActionMask = 2147483647;
			files = (
				BEBE2F5A1E71FCC500DEDF21 /* MapPanelContentViewController.swift in Sources */,
				BEBE2F5B1E71FCC500DEDF21 /* TextPanelContentViewController.swift in Sources */,
				BEBE2F5D1E71FE1900DEDF21 /* ViewController.swift in Sources */,
				BEBE2F4F1E71FC0B00DEDF21 /* PanelKitTests.swift in Sources */,
			);
			runOnlyForDeploymentPostprocessing = 0;
		};
		BEBE2F5E1E7208C800DEDF21 /* Sources */ = {
			isa = PBXSourcesBuildPhase;
			buildActionMask = 2147483647;
			files = (
				BEBE2F671E7208C800DEDF21 /* ViewController.swift in Sources */,
				BEBE2F651E7208C800DEDF21 /* AppDelegate.swift in Sources */,
			);
			runOnlyForDeploymentPostprocessing = 0;
		};
		BEFCF7621E6759F800BC95ED /* Sources */ = {
			isa = PBXSourcesBuildPhase;
			buildActionMask = 2147483647;
			files = (
				BEFCF7691E6759F800BC95ED /* PanelKit_UI_Tests.swift in Sources */,
			);
			runOnlyForDeploymentPostprocessing = 0;
		};
		BEFCF76E1E675D0600BC95ED /* Sources */ = {
			isa = PBXSourcesBuildPhase;
			buildActionMask = 2147483647;
			files = (
				BEFCF7881E675EC100BC95ED /* MapPanelContentViewController.swift in Sources */,
				BEFCF7771E675D0600BC95ED /* ViewController.swift in Sources */,
				BEFCF78A1E67605200BC95ED /* TextPanelContentViewController.swift in Sources */,
				BEFCF7751E675D0600BC95ED /* AppDelegate.swift in Sources */,
			);
			runOnlyForDeploymentPostprocessing = 0;
		};
/* End PBXSourcesBuildPhase section */

/* Begin PBXTargetDependency section */
		BEBE2F531E71FC0B00DEDF21 /* PBXTargetDependency */ = {
			isa = PBXTargetDependency;
			target = BE24AD021E4F6B11008892A2 /* PanelKit */;
			targetProxy = BEBE2F521E71FC0B00DEDF21 /* PBXContainerItemProxy */;
		};
		BEBE2F751E7208DE00DEDF21 /* PBXTargetDependency */ = {
			isa = PBXTargetDependency;
			target = BEBE2F611E7208C800DEDF21 /* PanelKit Test Host */;
			targetProxy = BEBE2F741E7208DE00DEDF21 /* PBXContainerItemProxy */;
		};
		BED541E21E676172002A5459 /* PBXTargetDependency */ = {
			isa = PBXTargetDependency;
			target = BE24AD021E4F6B11008892A2 /* PanelKit */;
			targetProxy = BED541E11E676172002A5459 /* PBXContainerItemProxy */;
		};
		BEFCF7851E675D0B00BC95ED /* PBXTargetDependency */ = {
			isa = PBXTargetDependency;
			target = BEFCF7711E675D0600BC95ED /* PanelKit UI Test Host */;
			targetProxy = BEFCF7841E675D0B00BC95ED /* PBXContainerItemProxy */;
		};
/* End PBXTargetDependency section */

/* Begin PBXVariantGroup section */
		BEBE2F681E7208C800DEDF21 /* Main.storyboard */ = {
			isa = PBXVariantGroup;
			children = (
				BEBE2F691E7208C800DEDF21 /* Base */,
			);
			name = Main.storyboard;
			sourceTree = "<group>";
		};
		BEBE2F6D1E7208C800DEDF21 /* LaunchScreen.storyboard */ = {
			isa = PBXVariantGroup;
			children = (
				BEBE2F6E1E7208C800DEDF21 /* Base */,
			);
			name = LaunchScreen.storyboard;
			sourceTree = "<group>";
		};
		BEFCF7781E675D0600BC95ED /* Main.storyboard */ = {
			isa = PBXVariantGroup;
			children = (
				BEFCF7791E675D0600BC95ED /* Base */,
			);
			name = Main.storyboard;
			sourceTree = "<group>";
		};
		BEFCF77D1E675D0600BC95ED /* LaunchScreen.storyboard */ = {
			isa = PBXVariantGroup;
			children = (
				BEFCF77E1E675D0600BC95ED /* Base */,
			);
			name = LaunchScreen.storyboard;
			sourceTree = "<group>";
		};
/* End PBXVariantGroup section */

/* Begin XCBuildConfiguration section */
		BE24AD091E4F6B11008892A2 /* Debug */ = {
			isa = XCBuildConfiguration;
			buildSettings = {
				ALWAYS_SEARCH_USER_PATHS = NO;
				CLANG_ANALYZER_NONNULL = YES;
				CLANG_CXX_LANGUAGE_STANDARD = "gnu++0x";
				CLANG_CXX_LIBRARY = "libc++";
				CLANG_ENABLE_MODULES = YES;
				CLANG_ENABLE_OBJC_ARC = YES;
				CLANG_WARN_BLOCK_CAPTURE_AUTORELEASING = YES;
				CLANG_WARN_BOOL_CONVERSION = YES;
				CLANG_WARN_COMMA = YES;
				CLANG_WARN_CONSTANT_CONVERSION = YES;
				CLANG_WARN_DIRECT_OBJC_ISA_USAGE = YES_ERROR;
				CLANG_WARN_DOCUMENTATION_COMMENTS = YES;
				CLANG_WARN_EMPTY_BODY = YES;
				CLANG_WARN_ENUM_CONVERSION = YES;
				CLANG_WARN_INFINITE_RECURSION = YES;
				CLANG_WARN_INT_CONVERSION = YES;
				CLANG_WARN_NON_LITERAL_NULL_CONVERSION = YES;
				CLANG_WARN_OBJC_LITERAL_CONVERSION = YES;
				CLANG_WARN_OBJC_ROOT_CLASS = YES_ERROR;
				CLANG_WARN_RANGE_LOOP_ANALYSIS = YES;
				CLANG_WARN_STRICT_PROTOTYPES = YES;
				CLANG_WARN_SUSPICIOUS_MOVE = YES;
				CLANG_WARN_UNREACHABLE_CODE = YES;
				CLANG_WARN__DUPLICATE_METHOD_MATCH = YES;
				"CODE_SIGN_IDENTITY[sdk=iphoneos*]" = "iPhone Developer";
				COPY_PHASE_STRIP = NO;
				CURRENT_PROJECT_VERSION = 1;
				DEBUG_INFORMATION_FORMAT = dwarf;
				ENABLE_STRICT_OBJC_MSGSEND = YES;
				ENABLE_TESTABILITY = YES;
				GCC_C_LANGUAGE_STANDARD = gnu99;
				GCC_DYNAMIC_NO_PIC = NO;
				GCC_NO_COMMON_BLOCKS = YES;
				GCC_OPTIMIZATION_LEVEL = 0;
				GCC_PREPROCESSOR_DEFINITIONS = (
					"DEBUG=1",
					"$(inherited)",
				);
				GCC_WARN_64_TO_32_BIT_CONVERSION = YES;
				GCC_WARN_ABOUT_RETURN_TYPE = YES_ERROR;
				GCC_WARN_UNDECLARED_SELECTOR = YES;
				GCC_WARN_UNINITIALIZED_AUTOS = YES_AGGRESSIVE;
				GCC_WARN_UNUSED_FUNCTION = YES;
				GCC_WARN_UNUSED_VARIABLE = YES;
				IPHONEOS_DEPLOYMENT_TARGET = 10.0;
				MTL_ENABLE_DEBUG_INFO = YES;
				ONLY_ACTIVE_ARCH = YES;
				SDKROOT = iphoneos;
				SWIFT_ACTIVE_COMPILATION_CONDITIONS = DEBUG;
				SWIFT_OPTIMIZATION_LEVEL = "-Onone";
				TARGETED_DEVICE_FAMILY = "1,2";
				VERSIONING_SYSTEM = "apple-generic";
				VERSION_INFO_PREFIX = "";
			};
			name = Debug;
		};
		BE24AD0A1E4F6B11008892A2 /* Release */ = {
			isa = XCBuildConfiguration;
			buildSettings = {
				ALWAYS_SEARCH_USER_PATHS = NO;
				CLANG_ANALYZER_NONNULL = YES;
				CLANG_CXX_LANGUAGE_STANDARD = "gnu++0x";
				CLANG_CXX_LIBRARY = "libc++";
				CLANG_ENABLE_MODULES = YES;
				CLANG_ENABLE_OBJC_ARC = YES;
				CLANG_WARN_BLOCK_CAPTURE_AUTORELEASING = YES;
				CLANG_WARN_BOOL_CONVERSION = YES;
				CLANG_WARN_COMMA = YES;
				CLANG_WARN_CONSTANT_CONVERSION = YES;
				CLANG_WARN_DIRECT_OBJC_ISA_USAGE = YES_ERROR;
				CLANG_WARN_DOCUMENTATION_COMMENTS = YES;
				CLANG_WARN_EMPTY_BODY = YES;
				CLANG_WARN_ENUM_CONVERSION = YES;
				CLANG_WARN_INFINITE_RECURSION = YES;
				CLANG_WARN_INT_CONVERSION = YES;
				CLANG_WARN_NON_LITERAL_NULL_CONVERSION = YES;
				CLANG_WARN_OBJC_LITERAL_CONVERSION = YES;
				CLANG_WARN_OBJC_ROOT_CLASS = YES_ERROR;
				CLANG_WARN_RANGE_LOOP_ANALYSIS = YES;
				CLANG_WARN_STRICT_PROTOTYPES = YES;
				CLANG_WARN_SUSPICIOUS_MOVE = YES;
				CLANG_WARN_UNREACHABLE_CODE = YES;
				CLANG_WARN__DUPLICATE_METHOD_MATCH = YES;
				"CODE_SIGN_IDENTITY[sdk=iphoneos*]" = "iPhone Developer";
				COPY_PHASE_STRIP = NO;
				CURRENT_PROJECT_VERSION = 1;
				DEBUG_INFORMATION_FORMAT = "dwarf-with-dsym";
				ENABLE_NS_ASSERTIONS = NO;
				ENABLE_STRICT_OBJC_MSGSEND = YES;
				GCC_C_LANGUAGE_STANDARD = gnu99;
				GCC_NO_COMMON_BLOCKS = YES;
				GCC_WARN_64_TO_32_BIT_CONVERSION = YES;
				GCC_WARN_ABOUT_RETURN_TYPE = YES_ERROR;
				GCC_WARN_UNDECLARED_SELECTOR = YES;
				GCC_WARN_UNINITIALIZED_AUTOS = YES_AGGRESSIVE;
				GCC_WARN_UNUSED_FUNCTION = YES;
				GCC_WARN_UNUSED_VARIABLE = YES;
				IPHONEOS_DEPLOYMENT_TARGET = 10.0;
				MTL_ENABLE_DEBUG_INFO = NO;
				SDKROOT = iphoneos;
				SWIFT_OPTIMIZATION_LEVEL = "-Owholemodule";
				TARGETED_DEVICE_FAMILY = "1,2";
				VALIDATE_PRODUCT = YES;
				VERSIONING_SYSTEM = "apple-generic";
				VERSION_INFO_PREFIX = "";
			};
			name = Release;
		};
		BE24AD0C1E4F6B11008892A2 /* Debug */ = {
			isa = XCBuildConfiguration;
			buildSettings = {
				CLANG_ENABLE_MODULES = YES;
				CODE_SIGN_IDENTITY = "";
				DEFINES_MODULE = YES;
				DYLIB_COMPATIBILITY_VERSION = 1;
				DYLIB_CURRENT_VERSION = 1;
				DYLIB_INSTALL_NAME_BASE = "@rpath";
				INFOPLIST_FILE = PanelKit/Info.plist;
				INSTALL_PATH = "$(LOCAL_LIBRARY_DIR)/Frameworks";
				IPHONEOS_DEPLOYMENT_TARGET = 10.0;
				LD_RUNPATH_SEARCH_PATHS = "$(inherited) @executable_path/Frameworks @loader_path/Frameworks";
				PRODUCT_BUNDLE_IDENTIFIER = be.silverfox.PanelKit;
				PRODUCT_NAME = "$(TARGET_NAME)";
				SKIP_INSTALL = YES;
				SWIFT_OPTIMIZATION_LEVEL = "-Onone";
				SWIFT_SWIFT3_OBJC_INFERENCE = Default;
				SWIFT_VERSION = 4.0;
			};
			name = Debug;
		};
		BE24AD0D1E4F6B11008892A2 /* Release */ = {
			isa = XCBuildConfiguration;
			buildSettings = {
				CLANG_ENABLE_MODULES = YES;
				CODE_SIGN_IDENTITY = "";
				DEFINES_MODULE = YES;
				DYLIB_COMPATIBILITY_VERSION = 1;
				DYLIB_CURRENT_VERSION = 1;
				DYLIB_INSTALL_NAME_BASE = "@rpath";
				INFOPLIST_FILE = PanelKit/Info.plist;
				INSTALL_PATH = "$(LOCAL_LIBRARY_DIR)/Frameworks";
				IPHONEOS_DEPLOYMENT_TARGET = 10.0;
				LD_RUNPATH_SEARCH_PATHS = "$(inherited) @executable_path/Frameworks @loader_path/Frameworks";
				PRODUCT_BUNDLE_IDENTIFIER = be.silverfox.PanelKit;
				PRODUCT_NAME = "$(TARGET_NAME)";
				SKIP_INSTALL = YES;
				SWIFT_SWIFT3_OBJC_INFERENCE = Default;
				SWIFT_VERSION = 4.0;
			};
			name = Release;
		};
		BEBE2F551E71FC0B00DEDF21 /* Debug */ = {
			isa = XCBuildConfiguration;
			buildSettings = {
				DEVELOPMENT_TEAM = 6G5LMQ72D8;
				INFOPLIST_FILE = PanelKitTests/Info.plist;
				IPHONEOS_DEPLOYMENT_TARGET = 10.2;
				LD_RUNPATH_SEARCH_PATHS = "$(inherited) @executable_path/Frameworks @loader_path/Frameworks";
				PRODUCT_BUNDLE_IDENTIFIER = be.silverfox.PanelKitTests;
				PRODUCT_NAME = "$(TARGET_NAME)";
				SWIFT_SWIFT3_OBJC_INFERENCE = Default;
				SWIFT_VERSION = 4.0;
				TEST_HOST = "$(BUILT_PRODUCTS_DIR)/PanelKit Test Host.app/PanelKit Test Host";
			};
			name = Debug;
		};
		BEBE2F561E71FC0B00DEDF21 /* Release */ = {
			isa = XCBuildConfiguration;
			buildSettings = {
				DEVELOPMENT_TEAM = 6G5LMQ72D8;
				INFOPLIST_FILE = PanelKitTests/Info.plist;
				IPHONEOS_DEPLOYMENT_TARGET = 10.2;
				LD_RUNPATH_SEARCH_PATHS = "$(inherited) @executable_path/Frameworks @loader_path/Frameworks";
				PRODUCT_BUNDLE_IDENTIFIER = be.silverfox.PanelKitTests;
				PRODUCT_NAME = "$(TARGET_NAME)";
				SWIFT_SWIFT3_OBJC_INFERENCE = Default;
				SWIFT_VERSION = 4.0;
				TEST_HOST = "$(BUILT_PRODUCTS_DIR)/PanelKit Test Host.app/PanelKit Test Host";
			};
			name = Release;
		};
		BEBE2F721E7208C800DEDF21 /* Debug */ = {
			isa = XCBuildConfiguration;
			buildSettings = {
				ASSETCATALOG_COMPILER_APPICON_NAME = AppIcon;
				DEVELOPMENT_TEAM = 6G5LMQ72D8;
				INFOPLIST_FILE = "PanelKit Test Host/Info.plist";
				IPHONEOS_DEPLOYMENT_TARGET = 10.0;
				LD_RUNPATH_SEARCH_PATHS = "$(inherited) @executable_path/Frameworks";
				PRODUCT_BUNDLE_IDENTIFIER = "be.silverfox.PanelKit-Test-Host";
				PRODUCT_NAME = "$(TARGET_NAME)";
				SWIFT_SWIFT3_OBJC_INFERENCE = Default;
				SWIFT_VERSION = 4.0;
			};
			name = Debug;
		};
		BEBE2F731E7208C800DEDF21 /* Release */ = {
			isa = XCBuildConfiguration;
			buildSettings = {
				ASSETCATALOG_COMPILER_APPICON_NAME = AppIcon;
				DEVELOPMENT_TEAM = 6G5LMQ72D8;
				INFOPLIST_FILE = "PanelKit Test Host/Info.plist";
				IPHONEOS_DEPLOYMENT_TARGET = 10.0;
				LD_RUNPATH_SEARCH_PATHS = "$(inherited) @executable_path/Frameworks";
				PRODUCT_BUNDLE_IDENTIFIER = "be.silverfox.PanelKit-Test-Host";
				PRODUCT_NAME = "$(TARGET_NAME)";
				SWIFT_SWIFT3_OBJC_INFERENCE = Default;
				SWIFT_VERSION = 4.0;
			};
			name = Release;
		};
		BEFCF76B1E6759F800BC95ED /* Debug */ = {
			isa = XCBuildConfiguration;
			buildSettings = {
				DEVELOPMENT_TEAM = 6G5LMQ72D8;
				INFOPLIST_FILE = "PanelKit UI Tests/Info.plist";
				IPHONEOS_DEPLOYMENT_TARGET = 10.2;
				LD_RUNPATH_SEARCH_PATHS = "$(inherited) @executable_path/Frameworks @loader_path/Frameworks";
				PRODUCT_BUNDLE_IDENTIFIER = "be.silverfox.PanelKit-UI-Tests";
				PRODUCT_NAME = "$(TARGET_NAME)";
				SWIFT_SWIFT3_OBJC_INFERENCE = Default;
				SWIFT_VERSION = 4.0;
				TEST_TARGET_NAME = "PanelKit UI Test Host";
			};
			name = Debug;
		};
		BEFCF76C1E6759F800BC95ED /* Release */ = {
			isa = XCBuildConfiguration;
			buildSettings = {
				DEVELOPMENT_TEAM = 6G5LMQ72D8;
				INFOPLIST_FILE = "PanelKit UI Tests/Info.plist";
				IPHONEOS_DEPLOYMENT_TARGET = 10.2;
				LD_RUNPATH_SEARCH_PATHS = "$(inherited) @executable_path/Frameworks @loader_path/Frameworks";
				PRODUCT_BUNDLE_IDENTIFIER = "be.silverfox.PanelKit-UI-Tests";
				PRODUCT_NAME = "$(TARGET_NAME)";
				SWIFT_SWIFT3_OBJC_INFERENCE = Default;
				SWIFT_VERSION = 4.0;
				TEST_TARGET_NAME = "PanelKit UI Test Host";
			};
			name = Release;
		};
		BEFCF7821E675D0600BC95ED /* Debug */ = {
			isa = XCBuildConfiguration;
			buildSettings = {
				ALWAYS_EMBED_SWIFT_STANDARD_LIBRARIES = YES;
				ASSETCATALOG_COMPILER_APPICON_NAME = AppIcon;
				DEVELOPMENT_TEAM = 6G5LMQ72D8;
				INFOPLIST_FILE = "PanelKit UI Test Host/Info.plist";
				IPHONEOS_DEPLOYMENT_TARGET = 10.0;
				LD_RUNPATH_SEARCH_PATHS = "$(inherited) @executable_path/Frameworks";
				PRODUCT_BUNDLE_IDENTIFIER = "be.silverfox.PanelKit-UI-Test-Host";
				PRODUCT_NAME = "$(TARGET_NAME)";
				SWIFT_SWIFT3_OBJC_INFERENCE = Default;
				SWIFT_VERSION = 4.0;
			};
			name = Debug;
		};
		BEFCF7831E675D0600BC95ED /* Release */ = {
			isa = XCBuildConfiguration;
			buildSettings = {
				ALWAYS_EMBED_SWIFT_STANDARD_LIBRARIES = YES;
				ASSETCATALOG_COMPILER_APPICON_NAME = AppIcon;
				DEVELOPMENT_TEAM = 6G5LMQ72D8;
				INFOPLIST_FILE = "PanelKit UI Test Host/Info.plist";
				IPHONEOS_DEPLOYMENT_TARGET = 10.0;
				LD_RUNPATH_SEARCH_PATHS = "$(inherited) @executable_path/Frameworks";
				PRODUCT_BUNDLE_IDENTIFIER = "be.silverfox.PanelKit-UI-Test-Host";
				PRODUCT_NAME = "$(TARGET_NAME)";
				SWIFT_SWIFT3_OBJC_INFERENCE = Default;
				SWIFT_VERSION = 4.0;
			};
			name = Release;
		};
/* End XCBuildConfiguration section */

/* Begin XCConfigurationList section */
		BE24ACFD1E4F6B11008892A2 /* Build configuration list for PBXProject "PanelKit" */ = {
			isa = XCConfigurationList;
			buildConfigurations = (
				BE24AD091E4F6B11008892A2 /* Debug */,
				BE24AD0A1E4F6B11008892A2 /* Release */,
			);
			defaultConfigurationIsVisible = 0;
			defaultConfigurationName = Release;
		};
		BE24AD0B1E4F6B11008892A2 /* Build configuration list for PBXNativeTarget "PanelKit" */ = {
			isa = XCConfigurationList;
			buildConfigurations = (
				BE24AD0C1E4F6B11008892A2 /* Debug */,
				BE24AD0D1E4F6B11008892A2 /* Release */,
			);
			defaultConfigurationIsVisible = 0;
			defaultConfigurationName = Release;
		};
		BEBE2F541E71FC0B00DEDF21 /* Build configuration list for PBXNativeTarget "PanelKitTests" */ = {
			isa = XCConfigurationList;
			buildConfigurations = (
				BEBE2F551E71FC0B00DEDF21 /* Debug */,
				BEBE2F561E71FC0B00DEDF21 /* Release */,
			);
			defaultConfigurationIsVisible = 0;
			defaultConfigurationName = Release;
		};
		BEBE2F711E7208C800DEDF21 /* Build configuration list for PBXNativeTarget "PanelKit Test Host" */ = {
			isa = XCConfigurationList;
			buildConfigurations = (
				BEBE2F721E7208C800DEDF21 /* Debug */,
				BEBE2F731E7208C800DEDF21 /* Release */,
			);
			defaultConfigurationIsVisible = 0;
			defaultConfigurationName = Release;
		};
		BEFCF76D1E6759F800BC95ED /* Build configuration list for PBXNativeTarget "PanelKit UI Tests" */ = {
			isa = XCConfigurationList;
			buildConfigurations = (
				BEFCF76B1E6759F800BC95ED /* Debug */,
				BEFCF76C1E6759F800BC95ED /* Release */,
			);
			defaultConfigurationIsVisible = 0;
			defaultConfigurationName = Release;
		};
		BEFCF7811E675D0600BC95ED /* Build configuration list for PBXNativeTarget "PanelKit UI Test Host" */ = {
			isa = XCConfigurationList;
			buildConfigurations = (
				BEFCF7821E675D0600BC95ED /* Debug */,
				BEFCF7831E675D0600BC95ED /* Release */,
			);
			defaultConfigurationIsVisible = 0;
			defaultConfigurationName = Release;
		};
/* End XCConfigurationList section */
	};
	rootObject = BE24ACFA1E4F6B11008892A2 /* Project object */;
}
