// !$*UTF8*$!
{
	archiveVersion = 1;
	classes = {
	};
	objectVersion = 46;
	objects = {

/* Begin PBXBuildFile section */
		BE24AD271E508C49008892A2 /* AppDelegate.swift in Sources */ = {isa = PBXBuildFile; fileRef = BE24AD261E508C49008892A2 /* AppDelegate.swift */; };
		BE24AD291E508C49008892A2 /* ViewController.swift in Sources */ = {isa = PBXBuildFile; fileRef = BE24AD281E508C49008892A2 /* ViewController.swift */; };
		BE24AD2C1E508C49008892A2 /* Main.storyboard in Resources */ = {isa = PBXBuildFile; fileRef = BE24AD2A1E508C49008892A2 /* Main.storyboard */; };
		BE24AD2E1E508C49008892A2 /* Assets.xcassets in Resources */ = {isa = PBXBuildFile; fileRef = BE24AD2D1E508C49008892A2 /* Assets.xcassets */; };
		BE24AD311E508C49008892A2 /* LaunchScreen.storyboard in Resources */ = {isa = PBXBuildFile; fileRef = BE24AD2F1E508C49008892A2 /* LaunchScreen.storyboard */; };
		BE24AD3A1E508C8F008892A2 /* PanelKit.framework in Frameworks */ = {isa = PBXBuildFile; fileRef = BE24AD391E508C8F008892A2 /* PanelKit.framework */; };
		BEF801401E508CA3007D3CEE /* PanelKit.framework in Embed Frameworks */ = {isa = PBXBuildFile; fileRef = BE24AD391E508C8F008892A2 /* PanelKit.framework */; settings = {ATTRIBUTES = (CodeSignOnCopy, RemoveHeadersOnCopy, ); }; };
		BEF801441E508FFC007D3CEE /* MapPanelContentViewController.swift in Sources */ = {isa = PBXBuildFile; fileRef = BEF801431E508FFC007D3CEE /* MapPanelContentViewController.swift */; };
		BEF801461E50E1AC007D3CEE /* TextPanelContentViewController.swift in Sources */ = {isa = PBXBuildFile; fileRef = BEF801451E50E1AC007D3CEE /* TextPanelContentViewController.swift */; };
/* End PBXBuildFile section */

/* Begin PBXCopyFilesBuildPhase section */
		BEF801411E508CA3007D3CEE /* Embed Frameworks */ = {
			isa = PBXCopyFilesBuildPhase;
			buildActionMask = 2147483647;
			dstPath = "";
			dstSubfolderSpec = 10;
			files = (
				BEF801401E508CA3007D3CEE /* PanelKit.framework in Embed Frameworks */,
			);
			name = "Embed Frameworks";
			runOnlyForDeploymentPostprocessing = 0;
		};
/* End PBXCopyFilesBuildPhase section */

/* Begin PBXFileReference section */
		BE24AD231E508C49008892A2 /* Example.app */ = {isa = PBXFileReference; explicitFileType = wrapper.application; includeInIndex = 0; path = Example.app; sourceTree = BUILT_PRODUCTS_DIR; };
		BE24AD261E508C49008892A2 /* AppDelegate.swift */ = {isa = PBXFileReference; lastKnownFileType = sourcecode.swift; path = AppDelegate.swift; sourceTree = "<group>"; };
		BE24AD281E508C49008892A2 /* ViewController.swift */ = {isa = PBXFileReference; lastKnownFileType = sourcecode.swift; path = ViewController.swift; sourceTree = "<group>"; };
		BE24AD2B1E508C49008892A2 /* Base */ = {isa = PBXFileReference; lastKnownFileType = file.storyboard; name = Base; path = Base.lproj/Main.storyboard; sourceTree = "<group>"; };
		BE24AD2D1E508C49008892A2 /* Assets.xcassets */ = {isa = PBXFileReference; lastKnownFileType = folder.assetcatalog; path = Assets.xcassets; sourceTree = "<group>"; };
		BE24AD301E508C49008892A2 /* Base */ = {isa = PBXFileReference; lastKnownFileType = file.storyboard; name = Base; path = Base.lproj/LaunchScreen.storyboard; sourceTree = "<group>"; };
		BE24AD321E508C49008892A2 /* Info.plist */ = {isa = PBXFileReference; lastKnownFileType = text.plist.xml; path = Info.plist; sourceTree = "<group>"; };
		BE24AD391E508C8F008892A2 /* PanelKit.framework */ = {isa = PBXFileReference; lastKnownFileType = wrapper.framework; name = PanelKit.framework; path = "../../../../Library/Developer/Xcode/DerivedData/PanelKit-bazukjpbanitzpeyxanllouvbgxh/Build/Products/Debug-iphoneos/PanelKit.framework"; sourceTree = "<group>"; };
		BEF801431E508FFC007D3CEE /* MapPanelContentViewController.swift */ = {isa = PBXFileReference; fileEncoding = 4; lastKnownFileType = sourcecode.swift; name = MapPanelContentViewController.swift; path = Panels/MapPanelContentViewController.swift; sourceTree = "<group>"; };
		BEF801451E50E1AC007D3CEE /* TextPanelContentViewController.swift */ = {isa = PBXFileReference; fileEncoding = 4; lastKnownFileType = sourcecode.swift; name = TextPanelContentViewController.swift; path = Panels/TextPanelContentViewController.swift; sourceTree = "<group>"; };
/* End PBXFileReference section */

/* Begin PBXFrameworksBuildPhase section */
		BE24AD201E508C49008892A2 /* Frameworks */ = {
			isa = PBXFrameworksBuildPhase;
			buildActionMask = 2147483647;
			files = (
				BE24AD3A1E508C8F008892A2 /* PanelKit.framework in Frameworks */,
			);
			runOnlyForDeploymentPostprocessing = 0;
		};
/* End PBXFrameworksBuildPhase section */

/* Begin PBXGroup section */
		BE24AD1A1E508C49008892A2 = {
			isa = PBXGroup;
			children = (
				BE24AD251E508C49008892A2 /* Example */,
				BE24AD241E508C49008892A2 /* Products */,
				BE24AD381E508C8E008892A2 /* Frameworks */,
			);
			sourceTree = "<group>";
		};
		BE24AD241E508C49008892A2 /* Products */ = {
			isa = PBXGroup;
			children = (
				BE24AD231E508C49008892A2 /* Example.app */,
			);
			name = Products;
			sourceTree = "<group>";
		};
		BE24AD251E508C49008892A2 /* Example */ = {
			isa = PBXGroup;
			children = (
				BEF801421E508FE0007D3CEE /* Panels */,
				BE24AD261E508C49008892A2 /* AppDelegate.swift */,
				BE24AD281E508C49008892A2 /* ViewController.swift */,
				BE24AD2A1E508C49008892A2 /* Main.storyboard */,
				BE24AD2D1E508C49008892A2 /* Assets.xcassets */,
				BE24AD2F1E508C49008892A2 /* LaunchScreen.storyboard */,
				BE24AD321E508C49008892A2 /* Info.plist */,
			);
			path = Example;
			sourceTree = "<group>";
		};
		BE24AD381E508C8E008892A2 /* Frameworks */ = {
			isa = PBXGroup;
			children = (
				BE24AD391E508C8F008892A2 /* PanelKit.framework */,
			);
			name = Frameworks;
			sourceTree = "<group>";
		};
		BEF801421E508FE0007D3CEE /* Panels */ = {
			isa = PBXGroup;
			children = (
				BEF801431E508FFC007D3CEE /* MapPanelContentViewController.swift */,
				BEF801451E50E1AC007D3CEE /* TextPanelContentViewController.swift */,
			);
			name = Panels;
			sourceTree = "<group>";
		};
/* End PBXGroup section */

/* Begin PBXNativeTarget section */
		BE24AD221E508C49008892A2 /* Example */ = {
			isa = PBXNativeTarget;
			buildConfigurationList = BE24AD351E508C49008892A2 /* Build configuration list for PBXNativeTarget "Example" */;
			buildPhases = (
				BE24AD1F1E508C49008892A2 /* Sources */,
				BE24AD201E508C49008892A2 /* Frameworks */,
				BE24AD211E508C49008892A2 /* Resources */,
				BEF801411E508CA3007D3CEE /* Embed Frameworks */,
			);
			buildRules = (
			);
			dependencies = (
			);
			name = Example;
			productName = Example;
			productReference = BE24AD231E508C49008892A2 /* Example.app */;
			productType = "com.apple.product-type.application";
		};
/* End PBXNativeTarget section */

/* Begin PBXProject section */
		BE24AD1B1E508C49008892A2 /* Project object */ = {
			isa = PBXProject;
			attributes = {
				LastSwiftUpdateCheck = 0820;
				LastUpgradeCheck = 0820;
				ORGANIZATIONNAME = "Silver Fox";
				TargetAttributes = {
					BE24AD221E508C49008892A2 = {
						CreatedOnToolsVersion = 8.2.1;
						DevelopmentTeam = 6G5LMQ72D8;
						ProvisioningStyle = Automatic;
					};
				};
			};
			buildConfigurationList = BE24AD1E1E508C49008892A2 /* Build configuration list for PBXProject "Example" */;
			compatibilityVersion = "Xcode 3.2";
			developmentRegion = English;
			hasScannedForEncodings = 0;
			knownRegions = (
				en,
				Base,
			);
			mainGroup = BE24AD1A1E508C49008892A2;
			productRefGroup = BE24AD241E508C49008892A2 /* Products */;
			projectDirPath = "";
			projectRoot = "";
			targets = (
				BE24AD221E508C49008892A2 /* Example */,
			);
		};
/* End PBXProject section */

/* Begin PBXResourcesBuildPhase section */
		BE24AD211E508C49008892A2 /* Resources */ = {
			isa = PBXResourcesBuildPhase;
			buildActionMask = 2147483647;
			files = (
				BE24AD311E508C49008892A2 /* LaunchScreen.storyboard in Resources */,
				BE24AD2E1E508C49008892A2 /* Assets.xcassets in Resources */,
				BE24AD2C1E508C49008892A2 /* Main.storyboard in Resources */,
			);
			runOnlyForDeploymentPostprocessing = 0;
		};
/* End PBXResourcesBuildPhase section */

/* Begin PBXSourcesBuildPhase section */
		BE24AD1F1E508C49008892A2 /* Sources */ = {
			isa = PBXSourcesBuildPhase;
			buildActionMask = 2147483647;
			files = (
				BEF801441E508FFC007D3CEE /* MapPanelContentViewController.swift in Sources */,
				BE24AD291E508C49008892A2 /* ViewController.swift in Sources */,
				BEF801461E50E1AC007D3CEE /* TextPanelContentViewController.swift in Sources */,
				BE24AD271E508C49008892A2 /* AppDelegate.swift in Sources */,
			);
			runOnlyForDeploymentPostprocessing = 0;
		};
/* End PBXSourcesBuildPhase section */

/* Begin PBXVariantGroup section */
		BE24AD2A1E508C49008892A2 /* Main.storyboard */ = {
			isa = PBXVariantGroup;
			children = (
				BE24AD2B1E508C49008892A2 /* Base */,
			);
			name = Main.storyboard;
			sourceTree = "<group>";
		};
		BE24AD2F1E508C49008892A2 /* LaunchScreen.storyboard */ = {
			isa = PBXVariantGroup;
			children = (
				BE24AD301E508C49008892A2 /* Base */,
			);
			name = LaunchScreen.storyboard;
			sourceTree = "<group>";
		};
/* End PBXVariantGroup section */

/* Begin XCBuildConfiguration section */
		BE24AD331E508C49008892A2 /* Debug */ = {
			isa = XCBuildConfiguration;
			buildSettings = {
				ALWAYS_SEARCH_USER_PATHS = NO;
				CLANG_ANALYZER_NONNULL = YES;
				CLANG_CXX_LANGUAGE_STANDARD = "gnu++0x";
				CLANG_CXX_LIBRARY = "libc++";
				CLANG_ENABLE_MODULES = YES;
				CLANG_ENABLE_OBJC_ARC = YES;
				CLANG_WARN_BOOL_CONVERSION = YES;
				CLANG_WARN_CONSTANT_CONVERSION = YES;
				CLANG_WARN_DIRECT_OBJC_ISA_USAGE = YES_ERROR;
				CLANG_WARN_DOCUMENTATION_COMMENTS = YES;
				CLANG_WARN_EMPTY_BODY = YES;
				CLANG_WARN_ENUM_CONVERSION = YES;
				CLANG_WARN_INFINITE_RECURSION = YES;
				CLANG_WARN_INT_CONVERSION = YES;
				CLANG_WARN_OBJC_ROOT_CLASS = YES_ERROR;
				CLANG_WARN_SUSPICIOUS_MOVE = YES;
				CLANG_WARN_UNREACHABLE_CODE = YES;
				CLANG_WARN__DUPLICATE_METHOD_MATCH = YES;
				"CODE_SIGN_IDENTITY[sdk=iphoneos*]" = "iPhone Developer";
				COPY_PHASE_STRIP = NO;
				DEBUG_INFORMATION_FORMAT = dwarf;
				ENABLE_STRICT_OBJC_MSGSEND = YES;
				ENABLE_TESTABILITY = YES;
				GCC_C_LANGUAGE_STANDARD = gnu99;
				GCC_DYNAMIC_NO_PIC = NO;
				GCC_NO_COMMON_BLOCKS = YES;
				GCC_OPTIMIZATION_LEVEL = 0;
				GCC_PREPROCESSOR_DEFINITIONS = (
					"DEBUG=1",
					"$(inherited)",
				);
				GCC_WARN_64_TO_32_BIT_CONVERSION = YES;
				GCC_WARN_ABOUT_RETURN_TYPE = YES_ERROR;
				GCC_WARN_UNDECLARED_SELECTOR = YES;
				GCC_WARN_UNINITIALIZED_AUTOS = YES_AGGRESSIVE;
				GCC_WARN_UNUSED_FUNCTION = YES;
				GCC_WARN_UNUSED_VARIABLE = YES;
				IPHONEOS_DEPLOYMENT_TARGET = 9.0;
				MTL_ENABLE_DEBUG_INFO = YES;
				ONLY_ACTIVE_ARCH = YES;
				SDKROOT = iphoneos;
				SWIFT_ACTIVE_COMPILATION_CONDITIONS = DEBUG;
				SWIFT_OPTIMIZATION_LEVEL = "-Onone";
				TARGETED_DEVICE_FAMILY = "1,2";
			};
			name = Debug;
		};
		BE24AD341E508C49008892A2 /* Release */ = {
			isa = XCBuildConfiguration;
			buildSettings = {
				ALWAYS_SEARCH_USER_PATHS = NO;
				CLANG_ANALYZER_NONNULL = YES;
				CLANG_CXX_LANGUAGE_STANDARD = "gnu++0x";
				CLANG_CXX_LIBRARY = "libc++";
				CLANG_ENABLE_MODULES = YES;
				CLANG_ENABLE_OBJC_ARC = YES;
				CLANG_WARN_BOOL_CONVERSION = YES;
				CLANG_WARN_CONSTANT_CONVERSION = YES;
				CLANG_WARN_DIRECT_OBJC_ISA_USAGE = YES_ERROR;
				CLANG_WARN_DOCUMENTATION_COMMENTS = YES;
				CLANG_WARN_EMPTY_BODY = YES;
				CLANG_WARN_ENUM_CONVERSION = YES;
				CLANG_WARN_INFINITE_RECURSION = YES;
				CLANG_WARN_INT_CONVERSION = YES;
				CLANG_WARN_OBJC_ROOT_CLASS = YES_ERROR;
				CLANG_WARN_SUSPICIOUS_MOVE = YES;
				CLANG_WARN_UNREACHABLE_CODE = YES;
				CLANG_WARN__DUPLICATE_METHOD_MATCH = YES;
				"CODE_SIGN_IDENTITY[sdk=iphoneos*]" = "iPhone Developer";
				COPY_PHASE_STRIP = NO;
				DEBUG_INFORMATION_FORMAT = "dwarf-with-dsym";
				ENABLE_NS_ASSERTIONS = NO;
				ENABLE_STRICT_OBJC_MSGSEND = YES;
				GCC_C_LANGUAGE_STANDARD = gnu99;
				GCC_NO_COMMON_BLOCKS = YES;
				GCC_WARN_64_TO_32_BIT_CONVERSION = YES;
				GCC_WARN_ABOUT_RETURN_TYPE = YES_ERROR;
				GCC_WARN_UNDECLARED_SELECTOR = YES;
				GCC_WARN_UNINITIALIZED_AUTOS = YES_AGGRESSIVE;
				GCC_WARN_UNUSED_FUNCTION = YES;
				GCC_WARN_UNUSED_VARIABLE = YES;
				IPHONEOS_DEPLOYMENT_TARGET = 9.0;
				MTL_ENABLE_DEBUG_INFO = NO;
				SDKROOT = iphoneos;
				SWIFT_OPTIMIZATION_LEVEL = "-Owholemodule";
				TARGETED_DEVICE_FAMILY = "1,2";
				VALIDATE_PRODUCT = YES;
			};
			name = Release;
		};
		BE24AD361E508C49008892A2 /* Debug */ = {
			isa = XCBuildConfiguration;
			buildSettings = {
				ASSETCATALOG_COMPILER_APPICON_NAME = AppIcon;
				DEVELOPMENT_TEAM = 6G5LMQ72D8;
				INFOPLIST_FILE = Example/Info.plist;
				IPHONEOS_DEPLOYMENT_TARGET = 9.0;
				LD_RUNPATH_SEARCH_PATHS = "$(inherited) @executable_path/Frameworks";
				PRODUCT_BUNDLE_IDENTIFIER = be.silverfox.Example;
				PRODUCT_NAME = "$(TARGET_NAME)";
				SWIFT_VERSION = 3.0;
			};
			name = Debug;
		};
		BE24AD371E508C49008892A2 /* Release */ = {
			isa = XCBuildConfiguration;
			buildSettings = {
				ASSETCATALOG_COMPILER_APPICON_NAME = AppIcon;
				DEVELOPMENT_TEAM = 6G5LMQ72D8;
				INFOPLIST_FILE = Example/Info.plist;
				IPHONEOS_DEPLOYMENT_TARGET = 9.0;
				LD_RUNPATH_SEARCH_PATHS = "$(inherited) @executable_path/Frameworks";
				PRODUCT_BUNDLE_IDENTIFIER = be.silverfox.Example;
				PRODUCT_NAME = "$(TARGET_NAME)";
				SWIFT_VERSION = 3.0;
			};
			name = Release;
		};
/* End XCBuildConfiguration section */

/* Begin XCConfigurationList section */
		BE24AD1E1E508C49008892A2 /* Build configuration list for PBXProject "Example" */ = {
			isa = XCConfigurationList;
			buildConfigurations = (
				BE24AD331E508C49008892A2 /* Debug */,
				BE24AD341E508C49008892A2 /* Release */,
			);
			defaultConfigurationIsVisible = 0;
			defaultConfigurationName = Release;
		};
		BE24AD351E508C49008892A2 /* Build configuration list for PBXNativeTarget "Example" */ = {
			isa = XCConfigurationList;
			buildConfigurations = (
				BE24AD361E508C49008892A2 /* Debug */,
				BE24AD371E508C49008892A2 /* Release */,
			);
			defaultConfigurationIsVisible = 0;
			defaultConfigurationName = Release;
		};
/* End XCConfigurationList section */
	};
	rootObject = BE24AD1B1E508C49008892A2 /* Project object */;
}
